
Microsoft Visual Studio Solution File, Format Version 12.00
# Visual Studio Version 17
VisualStudioVersion = 17.14.36511.14 d17.14
MinimumVisualStudioVersion = 10.0.40219.1
Project("{FAE04EC0-301F-11D3-BF4B-00C04F79EFBC}") = "CodingTest", "CodingTest\CodingTest.csproj", "{629BCF8C-BDCC-4BE5-8E52-0342C90DE65E}"
EndProject
Global
	GlobalSection(SolutionConfigurationPlatforms) = preSolution
		Debug|Any CPU = Debug|Any CPU
		Release|Any CPU = Release|Any CPU
	EndGlobalSection
	GlobalSection(ProjectConfigurationPlatforms) = postSolution
		{629BCF8C-BDCC-4BE5-8E52-0342C90DE65E}.Debug|Any CPU.ActiveCfg = Debug|Any CPU
		{629BCF8C-BDCC-4BE5-8E52-0342C90DE65E}.Debug|Any CPU.Build.0 = Debug|Any CPU
		{629BCF8C-BDCC-4BE5-8E52-0342C90DE65E}.Release|Any CPU.ActiveCfg = Release|Any CPU
		{629BCF8C-BDCC-4BE5-8E52-0342C90DE65E}.Release|Any CPU.Build.0 = Release|Any CPU
	EndGlobalSection
	GlobalSection(SolutionProperties) = preSolution
		HideSolutionNode = FALSE
	EndGlobalSection
	GlobalSection(ExtensibilityGlobals) = postSolution
		SolutionGuid = {58DCA9C9-703B-40CD-89E3-F75803008AF0}
	EndGlobalSection
EndGlobal
